// !$*UTF8*$!
{
	archiveVersion = 1;
	classes = {
	};
	objectVersion = 50;
	objects = {

/* Begin PBXBuildFile section */
		94E2A1982680C0B000BF5A14 /* trainingappApp.swift in Sources */ = {isa = PBXBuildFile; fileRef = 94E2A1972680C0B000BF5A14 /* trainingappApp.swift */; };
		94E2A19A2680C0B000BF5A14 /* ContentView.swift in Sources */ = {isa = PBXBuildFile; fileRef = 94E2A1992680C0B000BF5A14 /* ContentView.swift */; };
		94E2A19C2680C0B100BF5A14 /* Assets.xcassets in Resources */ = {isa = PBXBuildFile; fileRef = 94E2A19B2680C0B100BF5A14 /* Assets.xcassets */; };
		94E2A19F2680C0B100BF5A14 /* Preview Assets.xcassets in Resources */ = {isa = PBXBuildFile; fileRef = 94E2A19E2680C0B100BF5A14 /* Preview Assets.xcassets */; };
		94E2A1AA2680C0B100BF5A14 /* trainingappTests.swift in Sources */ = {isa = PBXBuildFile; fileRef = 94E2A1A92680C0B100BF5A14 /* trainingappTests.swift */; };
		94E2A1B52680C0B100BF5A14 /* trainingappUITests.swift in Sources */ = {isa = PBXBuildFile; fileRef = 94E2A1B42680C0B100BF5A14 /* trainingappUITests.swift */; };
/* End PBXBuildFile section */

/* Begin PBXContainerItemProxy section */
		94E2A1A62680C0B100BF5A14 /* PBXContainerItemProxy */ = {
			isa = PBXContainerItemProxy;
			containerPortal = 94E2A18C2680C0AF00BF5A14 /* Project object */;
			proxyType = 1;
			remoteGlobalIDString = 94E2A1932680C0AF00BF5A14;
			remoteInfo = trainingapp;
		};
		94E2A1B12680C0B100BF5A14 /* PBXContainerItemProxy */ = {
			isa = PBXContainerItemProxy;
			containerPortal = 94E2A18C2680C0AF00BF5A14 /* Project object */;
			proxyType = 1;
			remoteGlobalIDString = 94E2A1932680C0AF00BF5A14;
			remoteInfo = trainingapp;
		};
/* End PBXContainerItemProxy section */

/* Begin PBXFileReference section */
		94E2A1942680C0AF00BF5A14 /* trainingapp.app */ = {isa = PBXFileReference; explicitFileType = wrapper.application; includeInIndex = 0; path = trainingapp.app; sourceTree = BUILT_PRODUCTS_DIR; };
		94E2A1972680C0B000BF5A14 /* trainingappApp.swift */ = {isa = PBXFileReference; lastKnownFileType = sourcecode.swift; path = trainingappApp.swift; sourceTree = "<group>"; };
		94E2A1992680C0B000BF5A14 /* ContentView.swift */ = {isa = PBXFileReference; lastKnownFileType = sourcecode.swift; path = ContentView.swift; sourceTree = "<group>"; };
		94E2A19B2680C0B100BF5A14 /* Assets.xcassets */ = {isa = PBXFileReference; lastKnownFileType = folder.assetcatalog; path = Assets.xcassets; sourceTree = "<group>"; };
		94E2A19E2680C0B100BF5A14 /* Preview Assets.xcassets */ = {isa = PBXFileReference; lastKnownFileType = folder.assetcatalog; path = "Preview Assets.xcassets"; sourceTree = "<group>"; };
		94E2A1A02680C0B100BF5A14 /* Info.plist */ = {isa = PBXFileReference; lastKnownFileType = text.plist.xml; path = Info.plist; sourceTree = "<group>"; };
		94E2A1A52680C0B100BF5A14 /* trainingappTests.xctest */ = {isa = PBXFileReference; explicitFileType = wrapper.cfbundle; includeInIndex = 0; path = trainingappTests.xctest; sourceTree = BUILT_PRODUCTS_DIR; };
		94E2A1A92680C0B100BF5A14 /* trainingappTests.swift */ = {isa = PBXFileReference; lastKnownFileType = sourcecode.swift; path = trainingappTests.swift; sourceTree = "<group>"; };
		94E2A1AB2680C0B100BF5A14 /* Info.plist */ = {isa = PBXFileReference; lastKnownFileType = text.plist.xml; path = Info.plist; sourceTree = "<group>"; };
		94E2A1B02680C0B100BF5A14 /* trainingappUITests.xctest */ = {isa = PBXFileReference; explicitFileType = wrapper.cfbundle; includeInIndex = 0; path = trainingappUITests.xctest; sourceTree = BUILT_PRODUCTS_DIR; };
		94E2A1B42680C0B100BF5A14 /* trainingappUITests.swift */ = {isa = PBXFileReference; lastKnownFileType = sourcecode.swift; path = trainingappUITests.swift; sourceTree = "<group>"; };
		94E2A1B62680C0B100BF5A14 /* Info.plist */ = {isa = PBXFileReference; lastKnownFileType = text.plist.xml; path = Info.plist; sourceTree = "<group>"; };
/* End PBXFileReference section */

/* Begin PBXFrameworksBuildPhase section */
		94E2A1912680C0AF00BF5A14 /* Frameworks */ = {
			isa = PBXFrameworksBuildPhase;
			buildActionMask = 2147483647;
			files = (
			);
			runOnlyForDeploymentPostprocessing = 0;
		};
		94E2A1A22680C0B100BF5A14 /* Frameworks */ = {
			isa = PBXFrameworksBuildPhase;
			buildActionMask = 2147483647;
			files = (
			);
			runOnlyForDeploymentPostprocessing = 0;
		};
		94E2A1AD2680C0B100BF5A14 /* Frameworks */ = {
			isa = PBXFrameworksBuildPhase;
			buildActionMask = 2147483647;
			files = (
			);
			runOnlyForDeploymentPostprocessing = 0;
		};
/* End PBXFrameworksBuildPhase section */

/* Begin PBXGroup section */
		94E2A18B2680C0AF00BF5A14 = {
			isa = PBXGroup;
			children = (
				94E2A1962680C0AF00BF5A14 /* trainingapp */,
				94E2A1A82680C0B100BF5A14 /* trainingappTests */,
				94E2A1B32680C0B100BF5A14 /* trainingappUITests */,
				94E2A1952680C0AF00BF5A14 /* Products */,
			);
			sourceTree = "<group>";
		};
		94E2A1952680C0AF00BF5A14 /* Products */ = {
			isa = PBXGroup;
			children = (
				94E2A1942680C0AF00BF5A14 /* trainingapp.app */,
				94E2A1A52680C0B100BF5A14 /* trainingappTests.xctest */,
				94E2A1B02680C0B100BF5A14 /* trainingappUITests.xctest */,
			);
			name = Products;
			sourceTree = "<group>";
		};
		94E2A1962680C0AF00BF5A14 /* trainingapp */ = {
			isa = PBXGroup;
			children = (
				94E2A1972680C0B000BF5A14 /* trainingappApp.swift */,
				94E2A1992680C0B000BF5A14 /* ContentView.swift */,
				94E2A19B2680C0B100BF5A14 /* Assets.xcassets */,
				94E2A1A02680C0B100BF5A14 /* Info.plist */,
				94E2A19D2680C0B100BF5A14 /* Preview Content */,
			);
			path = trainingapp;
			sourceTree = "<group>";
		};
		94E2A19D2680C0B100BF5A14 /* Preview Content */ = {
			isa = PBXGroup;
			children = (
				94E2A19E2680C0B100BF5A14 /* Preview Assets.xcassets */,
			);
			path = "Preview Content";
			sourceTree = "<group>";
		};
		94E2A1A82680C0B100BF5A14 /* trainingappTests */ = {
			isa = PBXGroup;
			children = (
				94E2A1A92680C0B100BF5A14 /* trainingappTests.swift */,
				94E2A1AB2680C0B100BF5A14 /* Info.plist */,
			);
			path = trainingappTests;
			sourceTree = "<group>";
		};
		94E2A1B32680C0B100BF5A14 /* trainingappUITests */ = {
			isa = PBXGroup;
			children = (
				94E2A1B42680C0B100BF5A14 /* trainingappUITests.swift */,
				94E2A1B62680C0B100BF5A14 /* Info.plist */,
			);
			path = trainingappUITests;
			sourceTree = "<group>";
		};
/* End PBXGroup section */

/* Begin PBXNativeTarget section */
		94E2A1932680C0AF00BF5A14 /* trainingapp */ = {
			isa = PBXNativeTarget;
			buildConfigurationList = 94E2A1B92680C0B100BF5A14 /* Build configuration list for PBXNativeTarget "trainingapp" */;
			buildPhases = (
				94E2A1902680C0AF00BF5A14 /* Sources */,
				94E2A1912680C0AF00BF5A14 /* Frameworks */,
				94E2A1922680C0AF00BF5A14 /* Resources */,
			);
			buildRules = (
			);
			dependencies = (
			);
			name = trainingapp;
			productName = trainingapp;
			productReference = 94E2A1942680C0AF00BF5A14 /* trainingapp.app */;
			productType = "com.apple.product-type.application";
		};
		94E2A1A42680C0B100BF5A14 /* trainingappTests */ = {
			isa = PBXNativeTarget;
			buildConfigurationList = 94E2A1BC2680C0B100BF5A14 /* Build configuration list for PBXNativeTarget "trainingappTests" */;
			buildPhases = (
				94E2A1A12680C0B100BF5A14 /* Sources */,
				94E2A1A22680C0B100BF5A14 /* Frameworks */,
				94E2A1A32680C0B100BF5A14 /* Resources */,
			);
			buildRules = (
			);
			dependencies = (
				94E2A1A72680C0B100BF5A14 /* PBXTargetDependency */,
			);
			name = trainingappTests;
			productName = trainingappTests;
			productReference = 94E2A1A52680C0B100BF5A14 /* trainingappTests.xctest */;
			productType = "com.apple.product-type.bundle.unit-test";
		};
		94E2A1AF2680C0B100BF5A14 /* trainingappUITests */ = {
			isa = PBXNativeTarget;
			buildConfigurationList = 94E2A1BF2680C0B100BF5A14 /* Build configuration list for PBXNativeTarget "trainingappUITests" */;
			buildPhases = (
				94E2A1AC2680C0B100BF5A14 /* Sources */,
				94E2A1AD2680C0B100BF5A14 /* Frameworks */,
				94E2A1AE2680C0B100BF5A14 /* Resources */,
			);
			buildRules = (
			);
			dependencies = (
				94E2A1B22680C0B100BF5A14 /* PBXTargetDependency */,
			);
			name = trainingappUITests;
			productName = trainingappUITests;
			productReference = 94E2A1B02680C0B100BF5A14 /* trainingappUITests.xctest */;
			productType = "com.apple.product-type.bundle.ui-testing";
		};
/* End PBXNativeTarget section */

/* Begin PBXProject section */
		94E2A18C2680C0AF00BF5A14 /* Project object */ = {
			isa = PBXProject;
			attributes = {
				LastSwiftUpdateCheck = 1250;
				LastUpgradeCheck = 1250;
				TargetAttributes = {
					94E2A1932680C0AF00BF5A14 = {
						CreatedOnToolsVersion = 12.5;
					};
					94E2A1A42680C0B100BF5A14 = {
						CreatedOnToolsVersion = 12.5;
						TestTargetID = 94E2A1932680C0AF00BF5A14;
					};
					94E2A1AF2680C0B100BF5A14 = {
						CreatedOnToolsVersion = 12.5;
						TestTargetID = 94E2A1932680C0AF00BF5A14;
					};
				};
			};
			buildConfigurationList = 94E2A18F2680C0AF00BF5A14 /* Build configuration list for PBXProject "trainingapp" */;
			compatibilityVersion = "Xcode 9.3";
			developmentRegion = en;
			hasScannedForEncodings = 0;
			knownRegions = (
				en,
				Base,
			);
			mainGroup = 94E2A18B2680C0AF00BF5A14;
			productRefGroup = 94E2A1952680C0AF00BF5A14 /* Products */;
			projectDirPath = "";
			projectRoot = "";
			targets = (
				94E2A1932680C0AF00BF5A14 /* trainingapp */,
				94E2A1A42680C0B100BF5A14 /* trainingappTests */,
				94E2A1AF2680C0B100BF5A14 /* trainingappUITests */,
			);
		};
/* End PBXProject section */

/* Begin PBXResourcesBuildPhase section */
		94E2A1922680C0AF00BF5A14 /* Resources */ = {
			isa = PBXResourcesBuildPhase;
			buildActionMask = 2147483647;
			files = (
				94E2A19F2680C0B100BF5A14 /* Preview Assets.xcassets in Resources */,
				94E2A19C2680C0B100BF5A14 /* Assets.xcassets in Resources */,
			);
			runOnlyForDeploymentPostprocessing = 0;
		};
		94E2A1A32680C0B100BF5A14 /* Resources */ = {
			isa = PBXResourcesBuildPhase;
			buildActionMask = 2147483647;
			files = (
			);
			runOnlyForDeploymentPostprocessing = 0;
		};
		94E2A1AE2680C0B100BF5A14 /* Resources */ = {
			isa = PBXResourcesBuildPhase;
			buildActionMask = 2147483647;
			files = (
			);
			runOnlyForDeploymentPostprocessing = 0;
		};
/* End PBXResourcesBuildPhase section */

/* Begin PBXSourcesBuildPhase section */
		94E2A1902680C0AF00BF5A14 /* Sources */ = {
			isa = PBXSourcesBuildPhase;
			buildActionMask = 2147483647;
			files = (
				94E2A19A2680C0B000BF5A14 /* ContentView.swift in Sources */,
				94E2A1982680C0B000BF5A14 /* trainingappApp.swift in Sources */,
			);
			runOnlyForDeploymentPostprocessing = 0;
		};
		94E2A1A12680C0B100BF5A14 /* Sources */ = {
			isa = PBXSourcesBuildPhase;
			buildActionMask = 2147483647;
			files = (
				94E2A1AA2680C0B100BF5A14 /* trainingappTests.swift in Sources */,
			);
			runOnlyForDeploymentPostprocessing = 0;
		};
		94E2A1AC2680C0B100BF5A14 /* Sources */ = {
			isa = PBXSourcesBuildPhase;
			buildActionMask = 2147483647;
			files = (
				94E2A1B52680C0B100BF5A14 /* trainingappUITests.swift in Sources */,
			);
			runOnlyForDeploymentPostprocessing = 0;
		};
/* End PBXSourcesBuildPhase section */

/* Begin PBXTargetDependency section */
		94E2A1A72680C0B100BF5A14 /* PBXTargetDependency */ = {
			isa = PBXTargetDependency;
			target = 94E2A1932680C0AF00BF5A14 /* trainingapp */;
			targetProxy = 94E2A1A62680C0B100BF5A14 /* PBXContainerItemProxy */;
		};
		94E2A1B22680C0B100BF5A14 /* PBXTargetDependency */ = {
			isa = PBXTargetDependency;
			target = 94E2A1932680C0AF00BF5A14 /* trainingapp */;
			targetProxy = 94E2A1B12680C0B100BF5A14 /* PBXContainerItemProxy */;
		};
/* End PBXTargetDependency section */

/* Begin XCBuildConfiguration section */
		94E2A1B72680C0B100BF5A14 /* Debug */ = {
			isa = XCBuildConfiguration;
			buildSettings = {
				ALWAYS_SEARCH_USER_PATHS = NO;
				CLANG_ANALYZER_NONNULL = YES;
				CLANG_ANALYZER_NUMBER_OBJECT_CONVERSION = YES_AGGRESSIVE;
				CLANG_CXX_LANGUAGE_STANDARD = "gnu++14";
				CLANG_CXX_LIBRARY = "libc++";
				CLANG_ENABLE_MODULES = YES;
				CLANG_ENABLE_OBJC_ARC = YES;
				CLANG_ENABLE_OBJC_WEAK = YES;
				CLANG_WARN_BLOCK_CAPTURE_AUTORELEASING = YES;
				CLANG_WARN_BOOL_CONVERSION = YES;
				CLANG_WARN_COMMA = YES;
				CLANG_WARN_CONSTANT_CONVERSION = YES;
				CLANG_WARN_DEPRECATED_OBJC_IMPLEMENTATIONS = YES;
				CLANG_WARN_DIRECT_OBJC_ISA_USAGE = YES_ERROR;
				CLANG_WARN_DOCUMENTATION_COMMENTS = YES;
				CLANG_WARN_EMPTY_BODY = YES;
				CLANG_WARN_ENUM_CONVERSION = YES;
				CLANG_WARN_INFINITE_RECURSION = YES;
				CLANG_WARN_INT_CONVERSION = YES;
				CLANG_WARN_NON_LITERAL_NULL_CONVERSION = YES;
				CLANG_WARN_OBJC_IMPLICIT_RETAIN_SELF = YES;
				CLANG_WARN_OBJC_LITERAL_CONVERSION = YES;
				CLANG_WARN_OBJC_ROOT_CLASS = YES_ERROR;
				CLANG_WARN_QUOTED_INCLUDE_IN_FRAMEWORK_HEADER = YES;
				CLANG_WARN_RANGE_LOOP_ANALYSIS = YES;
				CLANG_WARN_STRICT_PROTOTYPES = YES;
				CLANG_WARN_SUSPICIOUS_MOVE = YES;
				CLANG_WARN_UNGUARDED_AVAILABILITY = YES_AGGRESSIVE;
				CLANG_WARN_UNREACHABLE_CODE = YES;
				CLANG_WARN__DUPLICATE_METHOD_MATCH = YES;
				COPY_PHASE_STRIP = NO;
				DEBUG_INFORMATION_FORMAT = dwarf;
				ENABLE_STRICT_OBJC_MSGSEND = YES;
				ENABLE_TESTABILITY = YES;
				GCC_C_LANGUAGE_STANDARD = gnu11;
				GCC_DYNAMIC_NO_PIC = NO;
				GCC_NO_COMMON_BLOCKS = YES;
				GCC_OPTIMIZATION_LEVEL = 0;
				GCC_PREPROCESSOR_DEFINITIONS = (
					"DEBUG=1",
					"$(inherited)",
				);
				GCC_WARN_64_TO_32_BIT_CONVERSION = YES;
				GCC_WARN_ABOUT_RETURN_TYPE = YES_ERROR;
				GCC_WARN_UNDECLARED_SELECTOR = YES;
				GCC_WARN_UNINITIALIZED_AUTOS = YES_AGGRESSIVE;
				GCC_WARN_UNUSED_FUNCTION = YES;
				GCC_WARN_UNUSED_VARIABLE = YES;
				IPHONEOS_DEPLOYMENT_TARGET = 14.5;
				MTL_ENABLE_DEBUG_INFO = INCLUDE_SOURCE;
				MTL_FAST_MATH = YES;
				ONLY_ACTIVE_ARCH = YES;
				SDKROOT = iphoneos;
				SWIFT_ACTIVE_COMPILATION_CONDITIONS = DEBUG;
				SWIFT_OPTIMIZATION_LEVEL = "-Onone";
			};
			name = Debug;
		};
		94E2A1B82680C0B100BF5A14 /* Release */ = {
			isa = XCBuildConfiguration;
			buildSettings = {
				ALWAYS_SEARCH_USER_PATHS = NO;
				CLANG_ANALYZER_NONNULL = YES;
				CLANG_ANALYZER_NUMBER_OBJECT_CONVERSION = YES_AGGRESSIVE;
				CLANG_CXX_LANGUAGE_STANDARD = "gnu++14";
				CLANG_CXX_LIBRARY = "libc++";
				CLANG_ENABLE_MODULES = YES;
				CLANG_ENABLE_OBJC_ARC = YES;
				CLANG_ENABLE_OBJC_WEAK = YES;
				CLANG_WARN_BLOCK_CAPTURE_AUTORELEASING = YES;
				CLANG_WARN_BOOL_CONVERSION = YES;
				CLANG_WARN_COMMA = YES;
				CLANG_WARN_CONSTANT_CONVERSION = YES;
				CLANG_WARN_DEPRECATED_OBJC_IMPLEMENTATIONS = YES;
				CLANG_WARN_DIRECT_OBJC_ISA_USAGE = YES_ERROR;
				CLANG_WARN_DOCUMENTATION_COMMENTS = YES;
				CLANG_WARN_EMPTY_BODY = YES;
				CLANG_WARN_ENUM_CONVERSION = YES;
				CLANG_WARN_INFINITE_RECURSION = YES;
				CLANG_WARN_INT_CONVERSION = YES;
				CLANG_WARN_NON_LITERAL_NULL_CONVERSION = YES;
				CLANG_WARN_OBJC_IMPLICIT_RETAIN_SELF = YES;
				CLANG_WARN_OBJC_LITERAL_CONVERSION = YES;
				CLANG_WARN_OBJC_ROOT_CLASS = YES_ERROR;
				CLANG_WARN_QUOTED_INCLUDE_IN_FRAMEWORK_HEADER = YES;
				CLANG_WARN_RANGE_LOOP_ANALYSIS = YES;
				CLANG_WARN_STRICT_PROTOTYPES = YES;
				CLANG_WARN_SUSPICIOUS_MOVE = YES;
				CLANG_WARN_UNGUARDED_AVAILABILITY = YES_AGGRESSIVE;
				CLANG_WARN_UNREACHABLE_CODE = YES;
				CLANG_WARN__DUPLICATE_METHOD_MATCH = YES;
				COPY_PHASE_STRIP = NO;
				DEBUG_INFORMATION_FORMAT = "dwarf-with-dsym";
				ENABLE_NS_ASSERTIONS = NO;
				ENABLE_STRICT_OBJC_MSGSEND = YES;
				GCC_C_LANGUAGE_STANDARD = gnu11;
				GCC_NO_COMMON_BLOCKS = YES;
				GCC_WARN_64_TO_32_BIT_CONVERSION = YES;
				GCC_WARN_ABOUT_RETURN_TYPE = YES_ERROR;
				GCC_WARN_UNDECLARED_SELECTOR = YES;
				GCC_WARN_UNINITIALIZED_AUTOS = YES_AGGRESSIVE;
				GCC_WARN_UNUSED_FUNCTION = YES;
				GCC_WARN_UNUSED_VARIABLE = YES;
				IPHONEOS_DEPLOYMENT_TARGET = 14.5;
				MTL_ENABLE_DEBUG_INFO = NO;
				MTL_FAST_MATH = YES;
				SDKROOT = iphoneos;
				SWIFT_COMPILATION_MODE = wholemodule;
				SWIFT_OPTIMIZATION_LEVEL = "-O";
				VALIDATE_PRODUCT = YES;
			};
			name = Release;
		};
		94E2A1BA2680C0B100BF5A14 /* Debug */ = {
			isa = XCBuildConfiguration;
			buildSettings = {
				ASSETCATALOG_COMPILER_APPICON_NAME = AppIcon;
				ASSETCATALOG_COMPILER_GLOBAL_ACCENT_COLOR_NAME = AccentColor;
				CODE_SIGN_STYLE = Automatic;
				DEVELOPMENT_ASSET_PATHS = "\"trainingapp/Preview Content\"";
				DEVELOPMENT_TEAM = 4225JQURU5;
				ENABLE_PREVIEWS = YES;
				INFOPLIST_FILE = trainingapp/Info.plist;
				IPHONEOS_DEPLOYMENT_TARGET = 14.0;
				LD_RUNPATH_SEARCH_PATHS = (
					"$(inherited)",
					"@executable_path/Frameworks",
				);
				PRODUCT_BUNDLE_IDENTIFIER = kuwahara.trainingapp;
				PRODUCT_NAME = "$(TARGET_NAME)";
				SWIFT_VERSION = 5.0;
				TARGETED_DEVICE_FAMILY = "1,2";
			};
			name = Debug;
		};
		94E2A1BB2680C0B100BF5A14 /* Release */ = {
			isa = XCBuildConfiguration;
			buildSettings = {
				ASSETCATALOG_COMPILER_APPICON_NAME = AppIcon;
				ASSETCATALOG_COMPILER_GLOBAL_ACCENT_COLOR_NAME = AccentColor;
				CODE_SIGN_STYLE = Automatic;
				DEVELOPMENT_ASSET_PATHS = "\"trainingapp/Preview Content\"";
				DEVELOPMENT_TEAM = 4225JQURU5;
				ENABLE_PREVIEWS = YES;
				INFOPLIST_FILE = trainingapp/Info.plist;
				IPHONEOS_DEPLOYMENT_TARGET = 14.0;
				LD_RUNPATH_SEARCH_PATHS = (
					"$(inherited)",
					"@executable_path/Frameworks",
				);
				PRODUCT_BUNDLE_IDENTIFIER = kuwahara.trainingapp;
				PRODUCT_NAME = "$(TARGET_NAME)";
				SWIFT_VERSION = 5.0;
				TARGETED_DEVICE_FAMILY = "1,2";
			};
			name = Release;
		};
		94E2A1BD2680C0B100BF5A14 /* Debug */ = {
			isa = XCBuildConfiguration;
			buildSettings = {
				ALWAYS_EMBED_SWIFT_STANDARD_LIBRARIES = YES;
				BUNDLE_LOADER = "$(TEST_HOST)";
				CODE_SIGN_STYLE = Automatic;
				DEVELOPMENT_TEAM = 4225JQURU5;
				INFOPLIST_FILE = trainingappTests/Info.plist;
				IPHONEOS_DEPLOYMENT_TARGET = 14.0;
				LD_RUNPATH_SEARCH_PATHS = (
					"$(inherited)",
					"@executable_path/Frameworks",
					"@loader_path/Frameworks",
				);
				PRODUCT_BUNDLE_IDENTIFIER = kuwahara.trainingappTests;
				PRODUCT_NAME = "$(TARGET_NAME)";
				SWIFT_VERSION = 5.0;
				TARGETED_DEVICE_FAMILY = "1,2";
				TEST_HOST = "$(BUILT_PRODUCTS_DIR)/trainingapp.app/trainingapp";
			};
			name = Debug;
		};
		94E2A1BE2680C0B100BF5A14 /* Release */ = {
			isa = XCBuildConfiguration;
			buildSettings = {
				ALWAYS_EMBED_SWIFT_STANDARD_LIBRARIES = YES;
				BUNDLE_LOADER = "$(TEST_HOST)";
				CODE_SIGN_STYLE = Automatic;
				DEVELOPMENT_TEAM = 4225JQURU5;
				INFOPLIST_FILE = trainingappTests/Info.plist;
				IPHONEOS_DEPLOYMENT_TARGET = 14.0;
				LD_RUNPATH_SEARCH_PATHS = (
					"$(inherited)",
					"@executable_path/Frameworks",
					"@loader_path/Frameworks",
				);
				PRODUCT_BUNDLE_IDENTIFIER = kuwahara.trainingappTests;
				PRODUCT_NAME = "$(TARGET_NAME)";
				SWIFT_VERSION = 5.0;
				TARGETED_DEVICE_FAMILY = "1,2";
				TEST_HOST = "$(BUILT_PRODUCTS_DIR)/trainingapp.app/trainingapp";
			};
			name = Release;
		};
		94E2A1C02680C0B100BF5A14 /* Debug */ = {
			isa = XCBuildConfiguration;
			buildSettings = {
				ALWAYS_EMBED_SWIFT_STANDARD_LIBRARIES = YES;
				CODE_SIGN_STYLE = Automatic;
				DEVELOPMENT_TEAM = 4225JQURU5;
				INFOPLIST_FILE = trainingappUITests/Info.plist;
				LD_RUNPATH_SEARCH_PATHS = (
					"$(inherited)",
					"@executable_path/Frameworks",
					"@loader_path/Frameworks",
				);
				PRODUCT_BUNDLE_IDENTIFIER = kuwahara.trainingappUITests;
				PRODUCT_NAME = "$(TARGET_NAME)";
				SWIFT_VERSION = 5.0;
				TARGETED_DEVICE_FAMILY = "1,2";
				TEST_TARGET_NAME = trainingapp;
			};
			name = Debug;
		};
		94E2A1C12680C0B100BF5A14 /* Release */ = {
			isa = XCBuildConfiguration;
			buildSettings = {
				ALWAYS_EMBED_SWIFT_STANDARD_LIBRARIES = YES;
				CODE_SIGN_STYLE = Automatic;
				DEVELOPMENT_TEAM = 4225JQURU5;
				INFOPLIST_FILE = trainingappUITests/Info.plist;
				LD_RUNPATH_SEARCH_PATHS = (
					"$(inherited)",
					"@executable_path/Frameworks",
					"@loader_path/Frameworks",
				);
				PRODUCT_BUNDLE_IDENTIFIER = kuwahara.trainingappUITests;
				PRODUCT_NAME = "$(TARGET_NAME)";
				SWIFT_VERSION = 5.0;
				TARGETED_DEVICE_FAMILY = "1,2";
				TEST_TARGET_NAME = trainingapp;
			};
			name = Release;
		};
/* End XCBuildConfiguration section */

/* Begin XCConfigurationList section */
		94E2A18F2680C0AF00BF5A14 /* Build configuration list for PBXProject "trainingapp" */ = {
			isa = XCConfigurationList;
			buildConfigurations = (
				94E2A1B72680C0B100BF5A14 /* Debug */,
				94E2A1B82680C0B100BF5A14 /* Release */,
			);
			defaultConfigurationIsVisible = 0;
			defaultConfigurationName = Release;
		};
		94E2A1B92680C0B100BF5A14 /* Build configuration list for PBXNativeTarget "trainingapp" */ = {
			isa = XCConfigurationList;
			buildConfigurations = (
				94E2A1BA2680C0B100BF5A14 /* Debug */,
				94E2A1BB2680C0B100BF5A14 /* Release */,
			);
			defaultConfigurationIsVisible = 0;
			defaultConfigurationName = Release;
		};
		94E2A1BC2680C0B100BF5A14 /* Build configuration list for PBXNativeTarget "trainingappTests" */ = {
			isa = XCConfigurationList;
			buildConfigurations = (
				94E2A1BD2680C0B100BF5A14 /* Debug */,
				94E2A1BE2680C0B100BF5A14 /* Release */,
			);
			defaultConfigurationIsVisible = 0;
			defaultConfigurationName = Release;
		};
		94E2A1BF2680C0B100BF5A14 /* Build configuration list for PBXNativeTarget "trainingappUITests" */ = {
			isa = XCConfigurationList;
			buildConfigurations = (
				94E2A1C02680C0B100BF5A14 /* Debug */,
				94E2A1C12680C0B100BF5A14 /* Release */,
			);
			defaultConfigurationIsVisible = 0;
			defaultConfigurationName = Release;
		};
/* End XCConfigurationList section */
	};
	rootObject = 94E2A18C2680C0AF00BF5A14 /* Project object */;
}
